version = 1
requires-python = ">=3.12"
resolution-markers = [
    "sys_platform != 'win32'",
    "sys_platform == 'win32'",
]

[[package]]
name = "pyside6"
version = "6.8.1"
source = { registry = "https://pypi.org/simple" }
resolution-markers = [
    "sys_platform == 'win32'",
]
dependencies = [
    { name = "pyside6-addons", version = "6.8.1", source = { registry = "https://pypi.org/simple" }, marker = "sys_platform == 'win32'" },
    { name = "pyside6-essentials", version = "6.8.1", source = { registry = "https://pypi.org/simple" }, marker = "sys_platform == 'win32'" },
    { name = "shiboken6", version = "6.8.1", source = { registry = "https://pypi.org/simple" }, marker = "sys_platform == 'win32'" },
]
wheels = [
    { url = "https://files.pythonhosted.org/packages/68/e6/4cffea422cca3f5bc3d595739b3a35ee710e9864f8ca5c6cf48376864ac0/PySide6-6.8.1-cp39-abi3-win_amd64.whl", hash = "sha256:866eeaca3ffead6b9d30fa3ed395d5624da0246d7586c8b8207e77ac65d82458", size = 538388 },
]

[[package]]
name = "pyside6"
version = "6.8.1.1"
source = { registry = "https://pypi.org/simple" }
resolution-markers = [
    "sys_platform != 'win32'",
]
dependencies = [
    { name = "pyside6-addons", version = "6.8.1.1", source = { registry = "https://pypi.org/simple" }, marker = "sys_platform != 'win32'" },
    { name = "pyside6-essentials", version = "6.8.1.1", source = { registry = "https://pypi.org/simple" }, marker = "sys_platform != 'win32'" },
    { name = "shiboken6", version = "6.8.1.1", source = { registry = "https://pypi.org/simple" }, marker = "sys_platform != 'win32'" },
]
wheels = [
    { url = "https://files.pythonhosted.org/packages/28/b0/4393fde3de25cd2f562fa01d06ba3538bb321ff9d1d9ef8c615ea829f027/PySide6-6.8.1.1-cp39-abi3-macosx_12_0_universal2.whl", hash = "sha256:805728a7ed58352a02689b953ddbe29af1c8944f8c7f2c28312dc0b69f64b85e", size = 532488 },
]

[[package]]
name = "pyside6-addons"
version = "6.8.1"
source = { registry = "https://pypi.org/simple" }
resolution-markers = [
    "sys_platform == 'win32'",
]
dependencies = [
    { name = "pyside6-essentials", version = "6.8.1", source = { registry = "https://pypi.org/simple" }, marker = "sys_platform == 'win32'" },
    { name = "shiboken6", version = "6.8.1", source = { registry = "https://pypi.org/simple" }, marker = "sys_platform == 'win32'" },
]
wheels = [
    { url = "https://files.pythonhosted.org/packages/ca/71/32e2cadc50996ea855d35baba03e0b783f5ed9ae82f3da67623e66ef44a5/PySide6_Addons-6.8.1-cp39-abi3-win_amd64.whl", hash = "sha256:d7c8c1e89ee0db84631d5b8fdb9129d9d2a0ffb3b4cb2f5192dc8367dd980db4", size = 127967740 },
]

[[package]]
name = "pyside6-addons"
version = "6.8.1.1"
source = { registry = "https://pypi.org/simple" }
resolution-markers = [
    "sys_platform != 'win32'",
]
dependencies = [
    { name = "pyside6-essentials", version = "6.8.1.1", source = { registry = "https://pypi.org/simple" }, marker = "sys_platform != 'win32'" },
    { name = "shiboken6", version = "6.8.1.1", source = { registry = "https://pypi.org/simple" }, marker = "sys_platform != 'win32'" },
]
wheels = [
    { url = "https://files.pythonhosted.org/packages/67/79/49486d6072356be1434f6cbe814579e762c0607cff3889cd3a60f7036d37/PySide6_Addons-6.8.1.1-cp39-abi3-macosx_12_0_universal2.whl", hash = "sha256:83d35d7a1a7dbd1a16b4040a26ad4d5cc030a2aed4d439241babee1225d6e58a", size = 302263239 },
]

[[package]]
name = "pyside6-essentials"
version = "6.8.1"
source = { registry = "https://pypi.org/simple" }
resolution-markers = [
    "sys_platform == 'win32'",
]
dependencies = [
    { name = "shiboken6", version = "6.8.1", source = { registry = "https://pypi.org/simple" }, marker = "sys_platform == 'win32'" },
]
wheels = [
    { url = "https://files.pythonhosted.org/packages/6c/6f/bdc288149c92664a487816055ba55fa5884f1e07bc35b66c5d22530d0a6d/PySide6_Essentials-6.8.1-cp39-abi3-win_amd64.whl", hash = "sha256:d5ed4ddb149f36d65bc49ae4260b2d213ee88b2d9a309012ae27f38158c2d1b6", size = 72570590 },
]

[[package]]
name = "pyside6-essentials"
version = "6.8.1.1"
source = { registry = "https://pypi.org/simple" }
resolution-markers = [
    "sys_platform != 'win32'",
]
dependencies = [
    { name = "shiboken6", version = "6.8.1.1", source = { registry = "https://pypi.org/simple" }, marker = "sys_platform != 'win32'" },
]
wheels = [
    { url = "https://files.pythonhosted.org/packages/b1/dd/0fca5d5593b3784773a56035a543266b13fcfb4f65a42adb06cb336dfcec/PySide6_Essentials-6.8.1.1-cp39-abi3-macosx_12_0_universal2.whl", hash = "sha256:25f3fdb281ac3b442f08250e3284d3b1944f7c64c62ed93b57678a62c199cf46", size = 164791240 },
]

[[package]]
name = "shiboken6"
version = "6.8.1"
source = { registry = "https://pypi.org/simple" }
resolution-markers = [
    "sys_platform == 'win32'",
]
wheels = [
    { url = "https://files.pythonhosted.org/packages/2b/5f/3e9aa2b2fd1e24ff7e99717fa1ce3198556433e7ef611728e86f1fd70f94/shiboken6-6.8.1-cp39-abi3-win_amd64.whl", hash = "sha256:3ea127fd72be113b73cacd70e06687ad6f83c1c888047833c7dcdd5cf8e7f586", size = 1149267 },
]

[[package]]
name = "shiboken6"
version = "6.8.1.1"
source = { registry = "https://pypi.org/simple" }
resolution-markers = [
    "sys_platform != 'win32'",
]
wheels = [
    { url = "https://files.pythonhosted.org/packages/54/bc/f87ae60dac7d8df63dad21112b4e20436460477fd9448d58155ea7399344/shiboken6-6.8.1.1-cp39-abi3-macosx_12_0_universal2.whl", hash = "sha256:42fbb173a772c4e059dbeafb302e96f6ea8e1c9bacf05fab71ea7eb0d8f97b01", size = 399641 },
]

[[package]]
name = "tutcatalog5"
version = "0.1.0"
source = { editable = "." }
dependencies = [
    { name = "pyside6", version = "6.8.1", source = { registry = "https://pypi.org/simple" }, marker = "sys_platform == 'win32'" },
    { name = "pyside6", version = "6.8.1.1", source = { registry = "https://pypi.org/simple" }, marker = "sys_platform != 'win32'" },
]

[package.metadata]
requires-dist = [
    { name = "pyside6", marker = "sys_platform != 'win32'", specifier = ">=6.8.1" },
    { name = "pyside6", marker = "sys_platform == 'win32'", specifier = ">=6.8.1,!=6.8.1.1" },
]
