# generated by rye
# use `rye lock` or `rye sync` to update this lockfile
#
# last locked with the following flags:
#   pre: false
#   features: []
#   all-features: false
#   with-sources: false
#   generate-hashes: false
#   universal: false

-e file:.
amqp==5.2.0
    # via kombu
asgiref==3.8.1
    # via django
async-timeout==4.0.3
    # via redis
billiard==4.2.1
    # via celery
celery==5.4.0
    # via ot4-lib
charset-normalizer==3.4.0
    # via niquests
click==8.1.7
    # via celery
    # via click-didyoumean
    # via click-plugins
    # via click-repl
click-didyoumean==0.3.1
    # via celery
click-plugins==1.1.1
    # via celery
click-repl==0.3.0
    # via celery
django==5.1
    # via django-cacheops
    # via django-extensions
    # via ot4-lib
django-cacheops==7.0.2
    # via ot4-lib
django-environ==0.11.2
    # via ot4-lib
django-extensions==3.2.3
    # via ot4-lib
funcy==2.0
    # via django-cacheops
h11==0.14.0
    # via urllib3-future
idna==3.10
    # via niquests
jh2==5.0.4
    # via urllib3-future
kiss-headers==2.4.3
    # via niquests
kombu==5.4.2
    # via celery
loguru==0.7.2
    # via ot4-lib
niquests==3.11.2
    # via ot4-lib
pip==24.3.1
    # via ot4-lib
prompt-toolkit==3.0.47
    # via click-repl
python-dateutil==2.9.0.post0
    # via celery
qh3==1.2.1
    # via urllib3-future
redis==5.0.8
    # via django-cacheops
shortuuid==1.0.13
    # via ot4-lib
six==1.16.0
    # via python-dateutil
sqlparse==0.5.1
    # via django
typing-extensions==4.12.2
    # via asgiref
tzdata==2024.1
    # via celery
    # via kombu
urllib3-future==2.12.903
    # via niquests
vine==5.1.0
    # via amqp
    # via celery
    # via kombu
wassima==1.1.5
    # via niquests
wcwidth==0.2.13
    # via prompt-toolkit
