# generated by rye
# use `rye lock` or `rye sync` to update this lockfile
#
# last locked with the following flags:
#   pre: false
#   features: []
#   all-features: false
#   with-sources: false
#   generate-hashes: false
#   universal: false

-e file:.
aiohappyeyeballs==2.4.0
    # via aiohttp
aiohttp==3.10.5
    # via black
aiosignal==1.3.1
    # via aiohttp
amqp==5.2.0
    # via kombu
asgiref==3.8.1
    # via django
async-timeout==4.0.3
    # via aiohttp
    # via redis
attrs==24.2.0
    # via aiohttp
billiard==4.2.1
    # via celery
black==24.8.0
celery==5.4.0
    # via ot4-lib
charset-normalizer==3.4.0
    # via niquests
click==8.1.7
    # via black
    # via celery
    # via click-didyoumean
    # via click-plugins
    # via click-repl
click-didyoumean==0.3.1
    # via celery
click-plugins==1.1.1
    # via celery
click-repl==0.3.0
    # via celery
django==5.1
    # via django-cacheops
    # via django-extensions
    # via ot4-lib
django-cacheops==7.0.2
    # via ot4-lib
django-environ==0.11.2
    # via ot4-lib
django-extensions==3.2.3
    # via ot4-lib
frozenlist==1.4.1
    # via aiohttp
    # via aiosignal
funcy==2.0
    # via django-cacheops
h11==0.14.0
    # via urllib3-future
idna==3.10
    # via niquests
    # via yarl
jh2==5.0.4
    # via urllib3-future
kiss-headers==2.4.3
    # via niquests
kombu==5.4.2
    # via celery
loguru==0.7.2
    # via ot4-lib
multidict==6.1.0
    # via aiohttp
    # via yarl
mypy-extensions==1.0.0
    # via black
niquests==3.11.2
    # via ot4-lib
packaging==24.1
    # via black
pathspec==0.12.1
    # via black
pip==24.3.1
    # via ot4-lib
platformdirs==4.2.2
    # via black
prompt-toolkit==3.0.47
    # via click-repl
python-dateutil==2.9.0.post0
    # via celery
qh3==1.2.1
    # via urllib3-future
redis==5.0.8
    # via django-cacheops
ruff==0.6.5
shortuuid==1.0.13
    # via ot4-lib
six==1.16.0
    # via python-dateutil
sqlparse==0.5.1
    # via django
tomli==2.0.1
    # via black
typing-extensions==4.12.2
    # via asgiref
    # via black
    # via multidict
tzdata==2024.1
    # via celery
    # via kombu
urllib3-future==2.12.903
    # via niquests
vine==5.1.0
    # via amqp
    # via celery
    # via kombu
wassima==1.1.5
    # via niquests
wcwidth==0.2.13
    # via prompt-toolkit
yarl==1.11.1
    # via aiohttp
